
Microsoft Visual Studio Solution File, Format Version 12.00
# Visual Studio Version 16
VisualStudioVersion = 16.0.30804.86
MinimumVisualStudioVersion = 10.0.40219.1
Project("{FAE04EC0-301F-11D3-BF4B-00C04F79EFBC}") = "ConsoleApp1", "ConsoleApp1\ConsoleApp1.csproj", "{AD552A07-BF2B-4771-9B02-D7C6F4F02648}"
EndProject
Global
	GlobalSection(SolutionConfigurationPlatforms) = preSolution
		Debug|Any CPU = Debug|Any CPU
		Release|Any CPU = Release|Any CPU
	EndGlobalSection
	GlobalSection(ProjectConfigurationPlatforms) = postSolution
		{AD552A07-BF2B-4771-9B02-D7C6F4F02648}.Debug|Any CPU.ActiveCfg = Debug|Any CPU
		{AD552A07-BF2B-4771-9B02-D7C6F4F02648}.Debug|Any CPU.Build.0 = Debug|Any CPU
		{AD552A07-BF2B-4771-9B02-D7C6F4F02648}.Release|Any CPU.ActiveCfg = Release|Any CPU
		{AD552A07-BF2B-4771-9B02-D7C6F4F02648}.Release|Any CPU.Build.0 = Release|Any CPU
	EndGlobalSection
	GlobalSection(SolutionProperties) = preSolution
		HideSolutionNode = FALSE
	EndGlobalSection
	GlobalSection(ExtensibilityGlobals) = postSolution
		SolutionGuid = {285A7CF4-5515-4756-B88F-1894313DF22F}
	EndGlobalSection
EndGlobal
